{
  "name": "piano-ts",
  "lockfileVersion": 3,
  "requires": true,
  "packages": {
    "": {
      "devDependencies": {
        "@types/webmidi": "^2.0.7"
      }
    },
    "node_modules/@types/webmidi": {
      "version": "2.0.7",
      "resolved": "https://registry.npmjs.org/@types/webmidi/-/webmidi-2.0.7.tgz",
      "integrity": "sha512-BMVefNAum/swSmQJdTbRWBuDPeWT7fHAZEzmtY6eBl1ObvkWVzh39VvAFC8v9n7Y5XoOpWmeYzyUUVfmpq3ggQ==",
      "dev": true
    }
  }
}
