{
	"name": "piano-ts",
	"lockfileVersion": 3,
	"requires": true,
	"packages": {
		"": {
			"devDependencies": {
				"@types/webmidi": "^2.0.7",
				"typescript": "^5.2.2"
			}
		},
		"node_modules/@types/webmidi": {
			"version": "2.0.7",
			"resolved": "https://registry.npmjs.org/@types/webmidi/-/webmidi-2.0.7.tgz",
			"integrity": "sha512-BMVefNAum/swSmQJdTbRWBuDPeWT7fHAZEzmtY6eBl1ObvkWVzh39VvAFC8v9n7Y5XoOpWmeYzyUUVfmpq3ggQ==",
			"dev": true
		},
		"node_modules/typescript": {
			"version": "5.2.2",
			"resolved": "https://registry.npmjs.org/typescript/-/typescript-5.2.2.tgz",
			"integrity": "sha512-mI4WrpHsbCIcwT9cF4FZvr80QUeKvsUsUvKDoR+X/7XHQH98xYD8YHZg7ANtz2GtZt/CBq2QJ0thkGJMHfqc1w==",
			"dev": true,
			"bin": {
				"tsc": "bin/tsc",
				"tsserver": "bin/tsserver"
			},
			"engines": {
				"node": ">=14.17"
			}
		}
	}
}
